
Microsoft Visual Studio Solution File, Format Version 12.00
# Visual Studio Version 17
VisualStudioVersion = 17.10.35013.160
MinimumVisualStudioVersion = 10.0.40219.1
Project("{9A19103F-16F7-4668-BE54-9A1E7A4F7556}") = "dz3", "dz3\dz3.csproj", "{0114A98C-B4B9-4C69-B4C9-91CA65BABB36}"
EndProject
Project("{9A19103F-16F7-4668-BE54-9A1E7A4F7556}") = "ConsoleApp1", "ConsoleApp1\ConsoleApp1.csproj", "{1C074F9B-802A-42C9-A560-70C016A18AF5}"
EndProject
Project("{FAE04EC0-301F-11D3-BF4B-00C04F79EFBC}") = "ConsoleApp2", "ConsoleApp2\ConsoleApp2.csproj", "{A71CB311-7E6F-4F1F-AACC-CFD2BD14F4E8}"
EndProject
Global
	GlobalSection(SolutionConfigurationPlatforms) = preSolution
		Debug|Any CPU = Debug|Any CPU
		Release|Any CPU = Release|Any CPU
	EndGlobalSection
	GlobalSection(ProjectConfigurationPlatforms) = postSolution
		{0114A98C-B4B9-4C69-B4C9-91CA65BABB36}.Debug|Any CPU.ActiveCfg = Debug|Any CPU
		{0114A98C-B4B9-4C69-B4C9-91CA65BABB36}.Debug|Any CPU.Build.0 = Debug|Any CPU
		{0114A98C-B4B9-4C69-B4C9-91CA65BABB36}.Release|Any CPU.ActiveCfg = Release|Any CPU
		{0114A98C-B4B9-4C69-B4C9-91CA65BABB36}.Release|Any CPU.Build.0 = Release|Any CPU
		{1C074F9B-802A-42C9-A560-70C016A18AF5}.Debug|Any CPU.ActiveCfg = Debug|Any CPU
		{1C074F9B-802A-42C9-A560-70C016A18AF5}.Debug|Any CPU.Build.0 = Debug|Any CPU
		{1C074F9B-802A-42C9-A560-70C016A18AF5}.Release|Any CPU.ActiveCfg = Release|Any CPU
		{1C074F9B-802A-42C9-A560-70C016A18AF5}.Release|Any CPU.Build.0 = Release|Any CPU
		{A71CB311-7E6F-4F1F-AACC-CFD2BD14F4E8}.Debug|Any CPU.ActiveCfg = Debug|Any CPU
		{A71CB311-7E6F-4F1F-AACC-CFD2BD14F4E8}.Debug|Any CPU.Build.0 = Debug|Any CPU
		{A71CB311-7E6F-4F1F-AACC-CFD2BD14F4E8}.Release|Any CPU.ActiveCfg = Release|Any CPU
		{A71CB311-7E6F-4F1F-AACC-CFD2BD14F4E8}.Release|Any CPU.Build.0 = Release|Any CPU
	EndGlobalSection
	GlobalSection(SolutionProperties) = preSolution
		HideSolutionNode = FALSE
	EndGlobalSection
	GlobalSection(ExtensibilityGlobals) = postSolution
		SolutionGuid = {250CB284-06EF-49D8-949B-A69A68623B4A}
	EndGlobalSection
EndGlobal
